{
  "name": "ts_app",
  "version": "0.0.0",
  "lockfileVersion": 2,
  "requires": true,
  "packages": {
    "": {
      "name": "ts_app",
      "version": "0.0.0",
      "bundleDependencies": [
        "ts_library"
      ],
      "dependencies": {
        "ts_library": "file:../ts_library",
        "typescript": "^4.5.3"
      }
    },
    "../js_library": {
      "version": "0.0.0",
      "extraneous": true
    },
    "../ts_library": {
      "version": "0.0.0",
      "dependencies": {
        "typescript": "^4.5.3"
      }
    },
    "node_modules/ts_library": {
      "resolved": "../ts_library",
      "link": true
    },
    "node_modules/typescript": {
      "version": "4.5.3",
      "resolved": "https://registry.npmjs.org/typescript/-/typescript-4.5.3.tgz",
      "integrity": "sha512-eVYaEHALSt+s9LbvgEv4Ef+Tdq7hBiIZgii12xXJnukryt3pMgJf6aKhoCZ3FWQsu6sydEnkg11fYXLzhLBjeQ==",
      "bin": {
        "tsc": "bin/tsc",
        "tsserver": "bin/tsserver"
      },
      "engines": {
        "node": ">=4.2.0"
      }
    }
  },
  "dependencies": {
    "ts_library": {
      "version": "file:../ts_library",
      "requires": {
        "typescript": "^4.5.3"
      }
    },
    "typescript": {
      "version": "4.5.3",
      "resolved": "https://registry.npmjs.org/typescript/-/typescript-4.5.3.tgz",
      "integrity": "sha512-eVYaEHALSt+s9LbvgEv4Ef+Tdq7hBiIZgii12xXJnukryt3pMgJf6aKhoCZ3FWQsu6sydEnkg11fYXLzhLBjeQ=="
    }
  }
}
