{
  "name": "js_app",
  "version": "0.0.0",
  "lockfileVersion": 2,
  "requires": true,
  "packages": {
    "": {
      "name": "js_app",
      "version": "0.0.0",
      "bundleDependencies": [
        "js_library"
      ],
      "dependencies": {
        "js_library": "file:../js_library"
      },
      "bin": {
        "js_app": "index.js"
      }
    },
    "../js_library": {
      "version": "0.0.0"
    },
    "node_modules/js_library": {
      "resolved": "../js_library",
      "link": true
    }
  },
  "dependencies": {
    "js_library": {
      "version": "file:../js_library"
    }
  }
}
